Microsoft Visual Studio Solution File, Format Version 12.00
# Visual Studio Version 18
VisualStudioVersion = 18.0.0.0
MinimumVisualStudioVersion = 10.0.40219.1
Project("{82b43b9b-a64c-4715-b499-d71e9ca2bd60}") = "ColdReview", "src\ColdReview\ColdReview.csproj", "{B7E4A91C-3F62-4D18-9A5E-8C1D47B2E0F4}"
EndProject
Project("{FAE04EC0-301F-11D3-BF4B-00C04F79EFBC}") = "CallNestingDemo", "samples\CallNestingDemo\CallNestingDemo.csproj", "{C8F51B20-4A73-4E29-9D16-6F0E2A8C3B71}"
EndProject
Global
	GlobalSection(SolutionConfigurationPlatforms) = preSolution
		Debug|Any CPU = Debug|Any CPU
		Release|Any CPU = Release|Any CPU
	EndGlobalSection
	GlobalSection(ProjectConfigurationPlatforms) = postSolution
		{B7E4A91C-3F62-4D18-9A5E-8C1D47B2E0F4}.Debug|Any CPU.ActiveCfg = Debug|Any CPU
		{B7E4A91C-3F62-4D18-9A5E-8C1D47B2E0F4}.Debug|Any CPU.Build.0 = Debug|Any CPU
		{B7E4A91C-3F62-4D18-9A5E-8C1D47B2E0F4}.Debug|Any CPU.Deploy.0 = Debug|Any CPU
		{B7E4A91C-3F62-4D18-9A5E-8C1D47B2E0F4}.Release|Any CPU.ActiveCfg = Release|Any CPU
		{B7E4A91C-3F62-4D18-9A5E-8C1D47B2E0F4}.Release|Any CPU.Build.0 = Release|Any CPU
		{B7E4A91C-3F62-4D18-9A5E-8C1D47B2E0F4}.Release|Any CPU.Deploy.0 = Release|Any CPU
		{C8F51B20-4A73-4E29-9D16-6F0E2A8C3B71}.Debug|Any CPU.ActiveCfg = Debug|Any CPU
		{C8F51B20-4A73-4E29-9D16-6F0E2A8C3B71}.Debug|Any CPU.Build.0 = Debug|Any CPU
		{C8F51B20-4A73-4E29-9D16-6F0E2A8C3B71}.Release|Any CPU.ActiveCfg = Release|Any CPU
		{C8F51B20-4A73-4E29-9D16-6F0E2A8C3B71}.Release|Any CPU.Build.0 = Release|Any CPU
	EndGlobalSection
	GlobalSection(SolutionProperties) = preSolution
		HideSolutionNode = FALSE
	EndGlobalSection
	GlobalSection(ExtensibilityGlobals) = postSolution
		SolutionGuid = {D1A4C8E7-9B32-4F01-AE56-7C2D8F4A1B90}
	EndGlobalSection
EndGlobal
